# This file was autogenerated by Stack.
# You should not edit this file by hand.
# For more information, please see the documentation at:
#   https://docs.haskellstack.org/en/stable/lock_files

packages: []
snapshots:
- completed:
    size: 285605
    url: https://raw.githubusercontent.com/commercialhaskell/stackage-snapshots/master/lts/3/13.yaml
    sha256: 0eaf634232b45a3c56e5f30e01037eb15f8111ad12ea332b7dd9ce1280b3165d
  original: lts-3.13
